{
  "nodes": {
    "bumpy": {
      "inputs": {
        "flakeNimbleLib": [
          "flakeNimbleLib"
        ],
        "nixpkgs": [
          "nixpkgs"
        ],
        "src-bumpy-1_0_3": "src-bumpy-1_0_3"
      },
      "locked": {
        "dir": "1_0_3",
        "lastModified": 1648004736,
        "narHash": "sha256-BKaR3p8Z+OJpkn8Jza0z7PZkyLxZUySULDfkugs/86A=",
        "owner": "nim-nix-pkgs",
        "repo": "bumpy",
        "rev": "be4e65db1db06e0450f4faf786c5bd60ebac4d93",
        "type": "github"
      },
      "original": {
        "dir": "1_0_3",
        "owner": "nim-nix-pkgs",
        "ref": "master",
        "repo": "bumpy",
        "type": "github"
      }
    },
    "flakeNimbleLib": {
      "inputs": {
        "nixpkgs": [
          "nixpkgs"
        ]
      },
      "locked": {
        "lastModified": 1647920574,
        "narHash": "sha256-D3ob5QykELhyNcTnISOkjEzLlgXltwON8Ucrz5cpiQI=",
        "owner": "riinr",
        "repo": "nim-flakes-lib",
        "rev": "bfb46a1f762002f07f9d81d93dacd544c6890623",
        "type": "github"
      },
      "original": {
        "owner": "riinr",
        "ref": "master",
        "repo": "nim-flakes-lib",
        "type": "github"
      }
    },
    "nixpkgs": {
      "locked": {
        "narHash": "sha256-sK1Ow//80EKE3bAF5d+2gB8vPXw6m5TBk3wSLHvdVe0=",
        "path": "/nix/store/0yqgkbpmsk7ck4s34wk505sfdd9vils4-source",
        "type": "path"
      },
      "original": {
        "id": "nixpkgs",
        "type": "indirect"
      }
    },
    "root": {
      "inputs": {
        "bumpy": "bumpy",
        "flakeNimbleLib": "flakeNimbleLib",
        "nixpkgs": "nixpkgs",
        "src-spacy-0_0_4": "src-spacy-0_0_4",
        "vmath": "vmath"
      }
    },
    "src-bumpy-1_0_3": {
      "flake": false,
      "locked": {
        "lastModified": 1616792568,
        "narHash": "sha256-mDmDlhOGoYYjKgF5j808oT2NqRlfcOdLSDE3WtdJFQ0=",
        "owner": "treeform",
        "repo": "bumpy",
        "rev": "8169edb3697d7b33fea0b1bdac38ebb172e0ae1a",
        "type": "github"
      },
      "original": {
        "owner": "treeform",
        "ref": "refs/tags/1.0.3",
        "repo": "bumpy",
        "type": "github"
      }
    },
    "src-spacy-0_0_4": {
      "flake": false,
      "locked": {
        "lastModified": 1616793790,
        "narHash": "sha256-UhIDHgznxVkZxKVbfxKsq+lfDTO5Wjm2zb4O1I7NC1A=",
        "owner": "treeform",
        "repo": "spacy",
        "rev": "4da943f5ebd05e50a1e461f46caeda13bdf9c490",
        "type": "github"
      },
      "original": {
        "owner": "treeform",
        "ref": "refs/tags/0.0.4",
        "repo": "spacy",
        "type": "github"
      }
    },
    "src-vmath-1_1_2": {
      "flake": false,
      "locked": {
        "lastModified": 1647639539,
        "narHash": "sha256-4K54230DDWB9S9snm/5EQkLoOTxDY3SmFfkEFGCQ8/g=",
        "owner": "treeform",
        "repo": "vmath",
        "rev": "dd5d263ab001b94ea7b76c0d8ee1fb60f4da07d9",
        "type": "github"
      },
      "original": {
        "owner": "treeform",
        "ref": "refs/tags/1.1.2",
        "repo": "vmath",
        "type": "github"
      }
    },
    "vmath": {
      "inputs": {
        "flakeNimbleLib": [
          "flakeNimbleLib"
        ],
        "nixpkgs": [
          "nixpkgs"
        ],
        "src-vmath-1_1_2": "src-vmath-1_1_2"
      },
      "locked": {
        "dir": "1_1_2",
        "lastModified": 1648005419,
        "narHash": "sha256-bUze/YL4xFCDd/XLzxkf0vPnEb7rDSl49ljH6ghuNT8=",
        "owner": "nim-nix-pkgs",
        "repo": "vmath",
        "rev": "72d513ba1f0583db94430e8a59ade99f623bff24",
        "type": "github"
      },
      "original": {
        "dir": "1_1_2",
        "owner": "nim-nix-pkgs",
        "ref": "master",
        "repo": "vmath",
        "type": "github"
      }
    }
  },
  "root": "root",
  "version": 7
}
